// !$*UTF8*$!
{
	archiveVersion = 1;
	classes = {
	};
	objectVersion = 56;
	objects = {

/* Begin PBXBuildFile section */
		5263BD47291EF72300640BF3 /* AppDelegate.swift in Sources */ = {isa = PBXBuildFile; fileRef = 5263BD46291EF72300640BF3 /* AppDelegate.swift */; };
		5263BD49291EF72300640BF3 /* SceneDelegate.swift in Sources */ = {isa = PBXBuildFile; fileRef = 5263BD48291EF72300640BF3 /* SceneDelegate.swift */; };
		5263BD4B291EF72300640BF3 /* ViewController.swift in Sources */ = {isa = PBXBuildFile; fileRef = 5263BD4A291EF72300640BF3 /* ViewController.swift */; };
		5263BD4E291EF72300640BF3 /* Main.storyboard in Resources */ = {isa = PBXBuildFile; fileRef = 5263BD4C291EF72300640BF3 /* Main.storyboard */; };
		5263BD50291EF72400640BF3 /* Assets.xcassets in Resources */ = {isa = PBXBuildFile; fileRef = 5263BD4F291EF72400640BF3 /* Assets.xcassets */; };
		5263BD53291EF72400640BF3 /* LaunchScreen.storyboard in Resources */ = {isa = PBXBuildFile; fileRef = 5263BD51291EF72400640BF3 /* LaunchScreen.storyboard */; };
		5263BD5E291EF72500640BF3 /* RandomUsersVIPERTests.swift in Sources */ = {isa = PBXBuildFile; fileRef = 5263BD5D291EF72500640BF3 /* RandomUsersVIPERTests.swift */; };
		5263BD68291EF72500640BF3 /* RandomUsersVIPERUITests.swift in Sources */ = {isa = PBXBuildFile; fileRef = 5263BD67291EF72500640BF3 /* RandomUsersVIPERUITests.swift */; };
		5263BD6A291EF72500640BF3 /* RandomUsersVIPERUITestsLaunchTests.swift in Sources */ = {isa = PBXBuildFile; fileRef = 5263BD69291EF72500640BF3 /* RandomUsersVIPERUITestsLaunchTests.swift */; };
/* End PBXBuildFile section */

/* Begin PBXContainerItemProxy section */
		5263BD5A291EF72500640BF3 /* PBXContainerItemProxy */ = {
			isa = PBXContainerItemProxy;
			containerPortal = 5263BD3B291EF72300640BF3 /* Project object */;
			proxyType = 1;
			remoteGlobalIDString = 5263BD42291EF72300640BF3;
			remoteInfo = RandomUsersVIPER;
		};
		5263BD64291EF72500640BF3 /* PBXContainerItemProxy */ = {
			isa = PBXContainerItemProxy;
			containerPortal = 5263BD3B291EF72300640BF3 /* Project object */;
			proxyType = 1;
			remoteGlobalIDString = 5263BD42291EF72300640BF3;
			remoteInfo = RandomUsersVIPER;
		};
/* End PBXContainerItemProxy section */

/* Begin PBXFileReference section */
		5263BD43291EF72300640BF3 /* RandomUsersVIPER.app */ = {isa = PBXFileReference; explicitFileType = wrapper.application; includeInIndex = 0; path = RandomUsersVIPER.app; sourceTree = BUILT_PRODUCTS_DIR; };
		5263BD46291EF72300640BF3 /* AppDelegate.swift */ = {isa = PBXFileReference; lastKnownFileType = sourcecode.swift; path = AppDelegate.swift; sourceTree = "<group>"; };
		5263BD48291EF72300640BF3 /* SceneDelegate.swift */ = {isa = PBXFileReference; lastKnownFileType = sourcecode.swift; path = SceneDelegate.swift; sourceTree = "<group>"; };
		5263BD4A291EF72300640BF3 /* ViewController.swift */ = {isa = PBXFileReference; lastKnownFileType = sourcecode.swift; path = ViewController.swift; sourceTree = "<group>"; };
		5263BD4D291EF72300640BF3 /* Base */ = {isa = PBXFileReference; lastKnownFileType = file.storyboard; name = Base; path = Base.lproj/Main.storyboard; sourceTree = "<group>"; };
		5263BD4F291EF72400640BF3 /* Assets.xcassets */ = {isa = PBXFileReference; lastKnownFileType = folder.assetcatalog; path = Assets.xcassets; sourceTree = "<group>"; };
		5263BD52291EF72400640BF3 /* Base */ = {isa = PBXFileReference; lastKnownFileType = file.storyboard; name = Base; path = Base.lproj/LaunchScreen.storyboard; sourceTree = "<group>"; };
		5263BD54291EF72400640BF3 /* Info.plist */ = {isa = PBXFileReference; lastKnownFileType = text.plist.xml; path = Info.plist; sourceTree = "<group>"; };
		5263BD59291EF72500640BF3 /* RandomUsersVIPERTests.xctest */ = {isa = PBXFileReference; explicitFileType = wrapper.cfbundle; includeInIndex = 0; path = RandomUsersVIPERTests.xctest; sourceTree = BUILT_PRODUCTS_DIR; };
		5263BD5D291EF72500640BF3 /* RandomUsersVIPERTests.swift */ = {isa = PBXFileReference; lastKnownFileType = sourcecode.swift; path = RandomUsersVIPERTests.swift; sourceTree = "<group>"; };
		5263BD63291EF72500640BF3 /* RandomUsersVIPERUITests.xctest */ = {isa = PBXFileReference; explicitFileType = wrapper.cfbundle; includeInIndex = 0; path = RandomUsersVIPERUITests.xctest; sourceTree = BUILT_PRODUCTS_DIR; };
		5263BD67291EF72500640BF3 /* RandomUsersVIPERUITests.swift */ = {isa = PBXFileReference; lastKnownFileType = sourcecode.swift; path = RandomUsersVIPERUITests.swift; sourceTree = "<group>"; };
		5263BD69291EF72500640BF3 /* RandomUsersVIPERUITestsLaunchTests.swift */ = {isa = PBXFileReference; lastKnownFileType = sourcecode.swift; path = RandomUsersVIPERUITestsLaunchTests.swift; sourceTree = "<group>"; };
/* End PBXFileReference section */

/* Begin PBXFrameworksBuildPhase section */
		5263BD40291EF72300640BF3 /* Frameworks */ = {
			isa = PBXFrameworksBuildPhase;
			buildActionMask = 2147483647;
			files = (
			);
			runOnlyForDeploymentPostprocessing = 0;
		};
		5263BD56291EF72500640BF3 /* Frameworks */ = {
			isa = PBXFrameworksBuildPhase;
			buildActionMask = 2147483647;
			files = (
			);
			runOnlyForDeploymentPostprocessing = 0;
		};
		5263BD60291EF72500640BF3 /* Frameworks */ = {
			isa = PBXFrameworksBuildPhase;
			buildActionMask = 2147483647;
			files = (
			);
			runOnlyForDeploymentPostprocessing = 0;
		};
/* End PBXFrameworksBuildPhase section */

/* Begin PBXGroup section */
		5263BD3A291EF72300640BF3 = {
			isa = PBXGroup;
			children = (
				5263BD45291EF72300640BF3 /* RandomUsersVIPER */,
				5263BD5C291EF72500640BF3 /* RandomUsersVIPERTests */,
				5263BD66291EF72500640BF3 /* RandomUsersVIPERUITests */,
				5263BD44291EF72300640BF3 /* Products */,
			);
			sourceTree = "<group>";
		};
		5263BD44291EF72300640BF3 /* Products */ = {
			isa = PBXGroup;
			children = (
				5263BD43291EF72300640BF3 /* RandomUsersVIPER.app */,
				5263BD59291EF72500640BF3 /* RandomUsersVIPERTests.xctest */,
				5263BD63291EF72500640BF3 /* RandomUsersVIPERUITests.xctest */,
			);
			name = Products;
			sourceTree = "<group>";
		};
		5263BD45291EF72300640BF3 /* RandomUsersVIPER */ = {
			isa = PBXGroup;
			children = (
				5263BD46291EF72300640BF3 /* AppDelegate.swift */,
				5263BD48291EF72300640BF3 /* SceneDelegate.swift */,
				5263BD4A291EF72300640BF3 /* ViewController.swift */,
				5263BD4C291EF72300640BF3 /* Main.storyboard */,
				5263BD4F291EF72400640BF3 /* Assets.xcassets */,
				5263BD51291EF72400640BF3 /* LaunchScreen.storyboard */,
				5263BD54291EF72400640BF3 /* Info.plist */,
			);
			path = RandomUsersVIPER;
			sourceTree = "<group>";
		};
		5263BD5C291EF72500640BF3 /* RandomUsersVIPERTests */ = {
			isa = PBXGroup;
			children = (
				5263BD5D291EF72500640BF3 /* RandomUsersVIPERTests.swift */,
			);
			path = RandomUsersVIPERTests;
			sourceTree = "<group>";
		};
		5263BD66291EF72500640BF3 /* RandomUsersVIPERUITests */ = {
			isa = PBXGroup;
			children = (
				5263BD67291EF72500640BF3 /* RandomUsersVIPERUITests.swift */,
				5263BD69291EF72500640BF3 /* RandomUsersVIPERUITestsLaunchTests.swift */,
			);
			path = RandomUsersVIPERUITests;
			sourceTree = "<group>";
		};
/* End PBXGroup section */

/* Begin PBXNativeTarget section */
		5263BD42291EF72300640BF3 /* RandomUsersVIPER */ = {
			isa = PBXNativeTarget;
			buildConfigurationList = 5263BD6D291EF72500640BF3 /* Build configuration list for PBXNativeTarget "RandomUsersVIPER" */;
			buildPhases = (
				5263BD3F291EF72300640BF3 /* Sources */,
				5263BD40291EF72300640BF3 /* Frameworks */,
				5263BD41291EF72300640BF3 /* Resources */,
			);
			buildRules = (
			);
			dependencies = (
			);
			name = RandomUsersVIPER;
			productName = RandomUsersVIPER;
			productReference = 5263BD43291EF72300640BF3 /* RandomUsersVIPER.app */;
			productType = "com.apple.product-type.application";
		};
		5263BD58291EF72500640BF3 /* RandomUsersVIPERTests */ = {
			isa = PBXNativeTarget;
			buildConfigurationList = 5263BD70291EF72500640BF3 /* Build configuration list for PBXNativeTarget "RandomUsersVIPERTests" */;
			buildPhases = (
				5263BD55291EF72500640BF3 /* Sources */,
				5263BD56291EF72500640BF3 /* Frameworks */,
				5263BD57291EF72500640BF3 /* Resources */,
			);
			buildRules = (
			);
			dependencies = (
				5263BD5B291EF72500640BF3 /* PBXTargetDependency */,
			);
			name = RandomUsersVIPERTests;
			productName = RandomUsersVIPERTests;
			productReference = 5263BD59291EF72500640BF3 /* RandomUsersVIPERTests.xctest */;
			productType = "com.apple.product-type.bundle.unit-test";
		};
		5263BD62291EF72500640BF3 /* RandomUsersVIPERUITests */ = {
			isa = PBXNativeTarget;
			buildConfigurationList = 5263BD73291EF72500640BF3 /* Build configuration list for PBXNativeTarget "RandomUsersVIPERUITests" */;
			buildPhases = (
				5263BD5F291EF72500640BF3 /* Sources */,
				5263BD60291EF72500640BF3 /* Frameworks */,
				5263BD61291EF72500640BF3 /* Resources */,
			);
			buildRules = (
			);
			dependencies = (
				5263BD65291EF72500640BF3 /* PBXTargetDependency */,
			);
			name = RandomUsersVIPERUITests;
			productName = RandomUsersVIPERUITests;
			productReference = 5263BD63291EF72500640BF3 /* RandomUsersVIPERUITests.xctest */;
			productType = "com.apple.product-type.bundle.ui-testing";
		};
/* End PBXNativeTarget section */

/* Begin PBXProject section */
		5263BD3B291EF72300640BF3 /* Project object */ = {
			isa = PBXProject;
			attributes = {
				BuildIndependentTargetsInParallel = 1;
				LastSwiftUpdateCheck = 1410;
				LastUpgradeCheck = 1410;
				TargetAttributes = {
					5263BD42291EF72300640BF3 = {
						CreatedOnToolsVersion = 14.1;
					};
					5263BD58291EF72500640BF3 = {
						CreatedOnToolsVersion = 14.1;
						TestTargetID = 5263BD42291EF72300640BF3;
					};
					5263BD62291EF72500640BF3 = {
						CreatedOnToolsVersion = 14.1;
						TestTargetID = 5263BD42291EF72300640BF3;
					};
				};
			};
			buildConfigurationList = 5263BD3E291EF72300640BF3 /* Build configuration list for PBXProject "RandomUsersVIPER" */;
			compatibilityVersion = "Xcode 14.0";
			developmentRegion = en;
			hasScannedForEncodings = 0;
			knownRegions = (
				en,
				Base,
			);
			mainGroup = 5263BD3A291EF72300640BF3;
			productRefGroup = 5263BD44291EF72300640BF3 /* Products */;
			projectDirPath = "";
			projectRoot = "";
			targets = (
				5263BD42291EF72300640BF3 /* RandomUsersVIPER */,
				5263BD58291EF72500640BF3 /* RandomUsersVIPERTests */,
				5263BD62291EF72500640BF3 /* RandomUsersVIPERUITests */,
			);
		};
/* End PBXProject section */

/* Begin PBXResourcesBuildPhase section */
		5263BD41291EF72300640BF3 /* Resources */ = {
			isa = PBXResourcesBuildPhase;
			buildActionMask = 2147483647;
			files = (
				5263BD53291EF72400640BF3 /* LaunchScreen.storyboard in Resources */,
				5263BD50291EF72400640BF3 /* Assets.xcassets in Resources */,
				5263BD4E291EF72300640BF3 /* Main.storyboard in Resources */,
			);
			runOnlyForDeploymentPostprocessing = 0;
		};
		5263BD57291EF72500640BF3 /* Resources */ = {
			isa = PBXResourcesBuildPhase;
			buildActionMask = 2147483647;
			files = (
			);
			runOnlyForDeploymentPostprocessing = 0;
		};
		5263BD61291EF72500640BF3 /* Resources */ = {
			isa = PBXResourcesBuildPhase;
			buildActionMask = 2147483647;
			files = (
			);
			runOnlyForDeploymentPostprocessing = 0;
		};
/* End PBXResourcesBuildPhase section */

/* Begin PBXSourcesBuildPhase section */
		5263BD3F291EF72300640BF3 /* Sources */ = {
			isa = PBXSourcesBuildPhase;
			buildActionMask = 2147483647;
			files = (
				5263BD4B291EF72300640BF3 /* ViewController.swift in Sources */,
				5263BD47291EF72300640BF3 /* AppDelegate.swift in Sources */,
				5263BD49291EF72300640BF3 /* SceneDelegate.swift in Sources */,
			);
			runOnlyForDeploymentPostprocessing = 0;
		};
		5263BD55291EF72500640BF3 /* Sources */ = {
			isa = PBXSourcesBuildPhase;
			buildActionMask = 2147483647;
			files = (
				5263BD5E291EF72500640BF3 /* RandomUsersVIPERTests.swift in Sources */,
			);
			runOnlyForDeploymentPostprocessing = 0;
		};
		5263BD5F291EF72500640BF3 /* Sources */ = {
			isa = PBXSourcesBuildPhase;
			buildActionMask = 2147483647;
			files = (
				5263BD68291EF72500640BF3 /* RandomUsersVIPERUITests.swift in Sources */,
				5263BD6A291EF72500640BF3 /* RandomUsersVIPERUITestsLaunchTests.swift in Sources */,
			);
			runOnlyForDeploymentPostprocessing = 0;
		};
/* End PBXSourcesBuildPhase section */

/* Begin PBXTargetDependency section */
		5263BD5B291EF72500640BF3 /* PBXTargetDependency */ = {
			isa = PBXTargetDependency;
			target = 5263BD42291EF72300640BF3 /* RandomUsersVIPER */;
			targetProxy = 5263BD5A291EF72500640BF3 /* PBXContainerItemProxy */;
		};
		5263BD65291EF72500640BF3 /* PBXTargetDependency */ = {
			isa = PBXTargetDependency;
			target = 5263BD42291EF72300640BF3 /* RandomUsersVIPER */;
			targetProxy = 5263BD64291EF72500640BF3 /* PBXContainerItemProxy */;
		};
/* End PBXTargetDependency section */

/* Begin PBXVariantGroup section */
		5263BD4C291EF72300640BF3 /* Main.storyboard */ = {
			isa = PBXVariantGroup;
			children = (
				5263BD4D291EF72300640BF3 /* Base */,
			);
			name = Main.storyboard;
			sourceTree = "<group>";
		};
		5263BD51291EF72400640BF3 /* LaunchScreen.storyboard */ = {
			isa = PBXVariantGroup;
			children = (
				5263BD52291EF72400640BF3 /* Base */,
			);
			name = LaunchScreen.storyboard;
			sourceTree = "<group>";
		};
/* End PBXVariantGroup section */

/* Begin XCBuildConfiguration section */
		5263BD6B291EF72500640BF3 /* Debug */ = {
			isa = XCBuildConfiguration;
			buildSettings = {
				ALWAYS_SEARCH_USER_PATHS = NO;
				CLANG_ANALYZER_NONNULL = YES;
				CLANG_ANALYZER_NUMBER_OBJECT_CONVERSION = YES_AGGRESSIVE;
				CLANG_CXX_LANGUAGE_STANDARD = "gnu++20";
				CLANG_ENABLE_MODULES = YES;
				CLANG_ENABLE_OBJC_ARC = YES;
				CLANG_ENABLE_OBJC_WEAK = YES;
				CLANG_WARN_BLOCK_CAPTURE_AUTORELEASING = YES;
				CLANG_WARN_BOOL_CONVERSION = YES;
				CLANG_WARN_COMMA = YES;
				CLANG_WARN_CONSTANT_CONVERSION = YES;
				CLANG_WARN_DEPRECATED_OBJC_IMPLEMENTATIONS = YES;
				CLANG_WARN_DIRECT_OBJC_ISA_USAGE = YES_ERROR;
				CLANG_WARN_DOCUMENTATION_COMMENTS = YES;
				CLANG_WARN_EMPTY_BODY = YES;
				CLANG_WARN_ENUM_CONVERSION = YES;
				CLANG_WARN_INFINITE_RECURSION = YES;
				CLANG_WARN_INT_CONVERSION = YES;
				CLANG_WARN_NON_LITERAL_NULL_CONVERSION = YES;
				CLANG_WARN_OBJC_IMPLICIT_RETAIN_SELF = YES;
				CLANG_WARN_OBJC_LITERAL_CONVERSION = YES;
				CLANG_WARN_OBJC_ROOT_CLASS = YES_ERROR;
				CLANG_WARN_QUOTED_INCLUDE_IN_FRAMEWORK_HEADER = YES;
				CLANG_WARN_RANGE_LOOP_ANALYSIS = YES;
				CLANG_WARN_STRICT_PROTOTYPES = YES;
				CLANG_WARN_SUSPICIOUS_MOVE = YES;
				CLANG_WARN_UNGUARDED_AVAILABILITY = YES_AGGRESSIVE;
				CLANG_WARN_UNREACHABLE_CODE = YES;
				CLANG_WARN__DUPLICATE_METHOD_MATCH = YES;
				COPY_PHASE_STRIP = NO;
				DEBUG_INFORMATION_FORMAT = dwarf;
				ENABLE_STRICT_OBJC_MSGSEND = YES;
				ENABLE_TESTABILITY = YES;
				GCC_C_LANGUAGE_STANDARD = gnu11;
				GCC_DYNAMIC_NO_PIC = NO;
				GCC_NO_COMMON_BLOCKS = YES;
				GCC_OPTIMIZATION_LEVEL = 0;
				GCC_PREPROCESSOR_DEFINITIONS = (
					"DEBUG=1",
					"$(inherited)",
				);
				GCC_WARN_64_TO_32_BIT_CONVERSION = YES;
				GCC_WARN_ABOUT_RETURN_TYPE = YES_ERROR;
				GCC_WARN_UNDECLARED_SELECTOR = YES;
				GCC_WARN_UNINITIALIZED_AUTOS = YES_AGGRESSIVE;
				GCC_WARN_UNUSED_FUNCTION = YES;
				GCC_WARN_UNUSED_VARIABLE = YES;
				IPHONEOS_DEPLOYMENT_TARGET = 16.1;
				MTL_ENABLE_DEBUG_INFO = INCLUDE_SOURCE;
				MTL_FAST_MATH = YES;
				ONLY_ACTIVE_ARCH = YES;
				SDKROOT = iphoneos;
				SWIFT_ACTIVE_COMPILATION_CONDITIONS = DEBUG;
				SWIFT_OPTIMIZATION_LEVEL = "-Onone";
			};
			name = Debug;
		};
		5263BD6C291EF72500640BF3 /* Release */ = {
			isa = XCBuildConfiguration;
			buildSettings = {
				ALWAYS_SEARCH_USER_PATHS = NO;
				CLANG_ANALYZER_NONNULL = YES;
				CLANG_ANALYZER_NUMBER_OBJECT_CONVERSION = YES_AGGRESSIVE;
				CLANG_CXX_LANGUAGE_STANDARD = "gnu++20";
				CLANG_ENABLE_MODULES = YES;
				CLANG_ENABLE_OBJC_ARC = YES;
				CLANG_ENABLE_OBJC_WEAK = YES;
				CLANG_WARN_BLOCK_CAPTURE_AUTORELEASING = YES;
				CLANG_WARN_BOOL_CONVERSION = YES;
				CLANG_WARN_COMMA = YES;
				CLANG_WARN_CONSTANT_CONVERSION = YES;
				CLANG_WARN_DEPRECATED_OBJC_IMPLEMENTATIONS = YES;
				CLANG_WARN_DIRECT_OBJC_ISA_USAGE = YES_ERROR;
				CLANG_WARN_DOCUMENTATION_COMMENTS = YES;
				CLANG_WARN_EMPTY_BODY = YES;
				CLANG_WARN_ENUM_CONVERSION = YES;
				CLANG_WARN_INFINITE_RECURSION = YES;
				CLANG_WARN_INT_CONVERSION = YES;
				CLANG_WARN_NON_LITERAL_NULL_CONVERSION = YES;
				CLANG_WARN_OBJC_IMPLICIT_RETAIN_SELF = YES;
				CLANG_WARN_OBJC_LITERAL_CONVERSION = YES;
				CLANG_WARN_OBJC_ROOT_CLASS = YES_ERROR;
				CLANG_WARN_QUOTED_INCLUDE_IN_FRAMEWORK_HEADER = YES;
				CLANG_WARN_RANGE_LOOP_ANALYSIS = YES;
				CLANG_WARN_STRICT_PROTOTYPES = YES;
				CLANG_WARN_SUSPICIOUS_MOVE = YES;
				CLANG_WARN_UNGUARDED_AVAILABILITY = YES_AGGRESSIVE;
				CLANG_WARN_UNREACHABLE_CODE = YES;
				CLANG_WARN__DUPLICATE_METHOD_MATCH = YES;
				COPY_PHASE_STRIP = NO;
				DEBUG_INFORMATION_FORMAT = "dwarf-with-dsym";
				ENABLE_NS_ASSERTIONS = NO;
				ENABLE_STRICT_OBJC_MSGSEND = YES;
				GCC_C_LANGUAGE_STANDARD = gnu11;
				GCC_NO_COMMON_BLOCKS = YES;
				GCC_WARN_64_TO_32_BIT_CONVERSION = YES;
				GCC_WARN_ABOUT_RETURN_TYPE = YES_ERROR;
				GCC_WARN_UNDECLARED_SELECTOR = YES;
				GCC_WARN_UNINITIALIZED_AUTOS = YES_AGGRESSIVE;
				GCC_WARN_UNUSED_FUNCTION = YES;
				GCC_WARN_UNUSED_VARIABLE = YES;
				IPHONEOS_DEPLOYMENT_TARGET = 16.1;
				MTL_ENABLE_DEBUG_INFO = NO;
				MTL_FAST_MATH = YES;
				SDKROOT = iphoneos;
				SWIFT_COMPILATION_MODE = wholemodule;
				SWIFT_OPTIMIZATION_LEVEL = "-O";
				VALIDATE_PRODUCT = YES;
			};
			name = Release;
		};
		5263BD6E291EF72500640BF3 /* Debug */ = {
			isa = XCBuildConfiguration;
			buildSettings = {
				ASSETCATALOG_COMPILER_APPICON_NAME = AppIcon;
				ASSETCATALOG_COMPILER_GLOBAL_ACCENT_COLOR_NAME = AccentColor;
				CODE_SIGN_STYLE = Automatic;
				CURRENT_PROJECT_VERSION = 1;
				DEVELOPMENT_TEAM = NL4GU78Y25;
				GENERATE_INFOPLIST_FILE = YES;
				INFOPLIST_FILE = RandomUsersVIPER/Info.plist;
				INFOPLIST_KEY_UIApplicationSupportsIndirectInputEvents = YES;
				INFOPLIST_KEY_UILaunchStoryboardName = LaunchScreen;
				INFOPLIST_KEY_UIMainStoryboardFile = Main;
				INFOPLIST_KEY_UISupportedInterfaceOrientations_iPad = "UIInterfaceOrientationPortrait UIInterfaceOrientationPortraitUpsideDown UIInterfaceOrientationLandscapeLeft UIInterfaceOrientationLandscapeRight";
				INFOPLIST_KEY_UISupportedInterfaceOrientations_iPhone = "UIInterfaceOrientationPortrait UIInterfaceOrientationLandscapeLeft UIInterfaceOrientationLandscapeRight";
				LD_RUNPATH_SEARCH_PATHS = (
					"$(inherited)",
					"@executable_path/Frameworks",
				);
				MARKETING_VERSION = 1.0;
				PRODUCT_BUNDLE_IDENTIFIER = "com.decodealex.randomusers-viper.RandomUsersVIPER";
				PRODUCT_NAME = "$(TARGET_NAME)";
				SWIFT_EMIT_LOC_STRINGS = YES;
				SWIFT_VERSION = 5.0;
				TARGETED_DEVICE_FAMILY = "1,2";
			};
			name = Debug;
		};
		5263BD6F291EF72500640BF3 /* Release */ = {
			isa = XCBuildConfiguration;
			buildSettings = {
				ASSETCATALOG_COMPILER_APPICON_NAME = AppIcon;
				ASSETCATALOG_COMPILER_GLOBAL_ACCENT_COLOR_NAME = AccentColor;
				CODE_SIGN_STYLE = Automatic;
				CURRENT_PROJECT_VERSION = 1;
				DEVELOPMENT_TEAM = NL4GU78Y25;
				GENERATE_INFOPLIST_FILE = YES;
				INFOPLIST_FILE = RandomUsersVIPER/Info.plist;
				INFOPLIST_KEY_UIApplicationSupportsIndirectInputEvents = YES;
				INFOPLIST_KEY_UILaunchStoryboardName = LaunchScreen;
				INFOPLIST_KEY_UIMainStoryboardFile = Main;
				INFOPLIST_KEY_UISupportedInterfaceOrientations_iPad = "UIInterfaceOrientationPortrait UIInterfaceOrientationPortraitUpsideDown UIInterfaceOrientationLandscapeLeft UIInterfaceOrientationLandscapeRight";
				INFOPLIST_KEY_UISupportedInterfaceOrientations_iPhone = "UIInterfaceOrientationPortrait UIInterfaceOrientationLandscapeLeft UIInterfaceOrientationLandscapeRight";
				LD_RUNPATH_SEARCH_PATHS = (
					"$(inherited)",
					"@executable_path/Frameworks",
				);
				MARKETING_VERSION = 1.0;
				PRODUCT_BUNDLE_IDENTIFIER = "com.decodealex.randomusers-viper.RandomUsersVIPER";
				PRODUCT_NAME = "$(TARGET_NAME)";
				SWIFT_EMIT_LOC_STRINGS = YES;
				SWIFT_VERSION = 5.0;
				TARGETED_DEVICE_FAMILY = "1,2";
			};
			name = Release;
		};
		5263BD71291EF72500640BF3 /* Debug */ = {
			isa = XCBuildConfiguration;
			buildSettings = {
				ALWAYS_EMBED_SWIFT_STANDARD_LIBRARIES = YES;
				BUNDLE_LOADER = "$(TEST_HOST)";
				CODE_SIGN_STYLE = Automatic;
				CURRENT_PROJECT_VERSION = 1;
				DEVELOPMENT_TEAM = NL4GU78Y25;
				GENERATE_INFOPLIST_FILE = YES;
				IPHONEOS_DEPLOYMENT_TARGET = 16.1;
				MARKETING_VERSION = 1.0;
				PRODUCT_BUNDLE_IDENTIFIER = "com.decodealex.randomusers-viper.RandomUsersVIPERTests";
				PRODUCT_NAME = "$(TARGET_NAME)";
				SWIFT_EMIT_LOC_STRINGS = NO;
				SWIFT_VERSION = 5.0;
				TARGETED_DEVICE_FAMILY = "1,2";
				TEST_HOST = "$(BUILT_PRODUCTS_DIR)/RandomUsersVIPER.app/$(BUNDLE_EXECUTABLE_FOLDER_PATH)/RandomUsersVIPER";
			};
			name = Debug;
		};
		5263BD72291EF72500640BF3 /* Release */ = {
			isa = XCBuildConfiguration;
			buildSettings = {
				ALWAYS_EMBED_SWIFT_STANDARD_LIBRARIES = YES;
				BUNDLE_LOADER = "$(TEST_HOST)";
				CODE_SIGN_STYLE = Automatic;
				CURRENT_PROJECT_VERSION = 1;
				DEVELOPMENT_TEAM = NL4GU78Y25;
				GENERATE_INFOPLIST_FILE = YES;
				IPHONEOS_DEPLOYMENT_TARGET = 16.1;
				MARKETING_VERSION = 1.0;
				PRODUCT_BUNDLE_IDENTIFIER = "com.decodealex.randomusers-viper.RandomUsersVIPERTests";
				PRODUCT_NAME = "$(TARGET_NAME)";
				SWIFT_EMIT_LOC_STRINGS = NO;
				SWIFT_VERSION = 5.0;
				TARGETED_DEVICE_FAMILY = "1,2";
				TEST_HOST = "$(BUILT_PRODUCTS_DIR)/RandomUsersVIPER.app/$(BUNDLE_EXECUTABLE_FOLDER_PATH)/RandomUsersVIPER";
			};
			name = Release;
		};
		5263BD74291EF72500640BF3 /* Debug */ = {
			isa = XCBuildConfiguration;
			buildSettings = {
				ALWAYS_EMBED_SWIFT_STANDARD_LIBRARIES = YES;
				CODE_SIGN_STYLE = Automatic;
				CURRENT_PROJECT_VERSION = 1;
				DEVELOPMENT_TEAM = NL4GU78Y25;
				GENERATE_INFOPLIST_FILE = YES;
				MARKETING_VERSION = 1.0;
				PRODUCT_BUNDLE_IDENTIFIER = "com.decodealex.randomusers-viper.RandomUsersVIPERUITests";
				PRODUCT_NAME = "$(TARGET_NAME)";
				SWIFT_EMIT_LOC_STRINGS = NO;
				SWIFT_VERSION = 5.0;
				TARGETED_DEVICE_FAMILY = "1,2";
				TEST_TARGET_NAME = RandomUsersVIPER;
			};
			name = Debug;
		};
		5263BD75291EF72500640BF3 /* Release */ = {
			isa = XCBuildConfiguration;
			buildSettings = {
				ALWAYS_EMBED_SWIFT_STANDARD_LIBRARIES = YES;
				CODE_SIGN_STYLE = Automatic;
				CURRENT_PROJECT_VERSION = 1;
				DEVELOPMENT_TEAM = NL4GU78Y25;
				GENERATE_INFOPLIST_FILE = YES;
				MARKETING_VERSION = 1.0;
				PRODUCT_BUNDLE_IDENTIFIER = "com.decodealex.randomusers-viper.RandomUsersVIPERUITests";
				PRODUCT_NAME = "$(TARGET_NAME)";
				SWIFT_EMIT_LOC_STRINGS = NO;
				SWIFT_VERSION = 5.0;
				TARGETED_DEVICE_FAMILY = "1,2";
				TEST_TARGET_NAME = RandomUsersVIPER;
			};
			name = Release;
		};
/* End XCBuildConfiguration section */

/* Begin XCConfigurationList section */
		5263BD3E291EF72300640BF3 /* Build configuration list for PBXProject "RandomUsersVIPER" */ = {
			isa = XCConfigurationList;
			buildConfigurations = (
				5263BD6B291EF72500640BF3 /* Debug */,
				5263BD6C291EF72500640BF3 /* Release */,
			);
			defaultConfigurationIsVisible = 0;
			defaultConfigurationName = Release;
		};
		5263BD6D291EF72500640BF3 /* Build configuration list for PBXNativeTarget "RandomUsersVIPER" */ = {
			isa = XCConfigurationList;
			buildConfigurations = (
				5263BD6E291EF72500640BF3 /* Debug */,
				5263BD6F291EF72500640BF3 /* Release */,
			);
			defaultConfigurationIsVisible = 0;
			defaultConfigurationName = Release;
		};
		5263BD70291EF72500640BF3 /* Build configuration list for PBXNativeTarget "RandomUsersVIPERTests" */ = {
			isa = XCConfigurationList;
			buildConfigurations = (
				5263BD71291EF72500640BF3 /* Debug */,
				5263BD72291EF72500640BF3 /* Release */,
			);
			defaultConfigurationIsVisible = 0;
			defaultConfigurationName = Release;
		};
		5263BD73291EF72500640BF3 /* Build configuration list for PBXNativeTarget "RandomUsersVIPERUITests" */ = {
			isa = XCConfigurationList;
			buildConfigurations = (
				5263BD74291EF72500640BF3 /* Debug */,
				5263BD75291EF72500640BF3 /* Release */,
			);
			defaultConfigurationIsVisible = 0;
			defaultConfigurationName = Release;
		};
/* End XCConfigurationList section */
	};
	rootObject = 5263BD3B291EF72300640BF3 /* Project object */;
}
