{
  "pins" : [
    {
      "identity" : "randomusernetworkservice",
      "kind" : "remoteSourceControl",
      "location" : "https://github.com/decodealex/RandomUserNetworkService",
      "state" : {
        "branch" : "main",
        "revision" : "397ef93be231b0af046d41fbce37daedd430f531"
      }
    }
  ],
  "version" : 2
}
