{
  "pins" : [
    {
      "identity" : "randomusernetworkservice",
      "kind" : "remoteSourceControl",
      "location" : "https://github.com/decodealex/RandomUserNetworkService",
      "state" : {
        "branch" : "main",
        "revision" : "9bd17f88721cb1b9568392dbdd91095020619e13"
      }
    }
  ],
  "version" : 2
}
